
Microsoft Visual Studio Solution File, Format Version 11.00
# Visual Studio 2010
Project("{FAE04EC0-301F-11D3-BF4B-00C04F79EFBC}") = "CheckerGame", "Assembly-CSharp.csproj", "{318FE808-8549-F209-7554-9FB9DC303D17}"
EndProject
Global
	GlobalSection(SolutionConfigurationPlatforms) = preSolution
		Debug|Any CPU = Debug|Any CPU
		Release|Any CPU = Release|Any CPU
	EndGlobalSection
	GlobalSection(ProjectConfigurationPlatforms) = postSolution
		{318FE808-8549-F209-7554-9FB9DC303D17}.Debug|Any CPU.ActiveCfg = Debug|Any CPU
		{318FE808-8549-F209-7554-9FB9DC303D17}.Debug|Any CPU.Build.0 = Debug|Any CPU
		{318FE808-8549-F209-7554-9FB9DC303D17}.Release|Any CPU.ActiveCfg = Release|Any CPU
		{318FE808-8549-F209-7554-9FB9DC303D17}.Release|Any CPU.Build.0 = Release|Any CPU
	EndGlobalSection
	GlobalSection(SolutionProperties) = preSolution
		HideSolutionNode = FALSE
	EndGlobalSection
	GlobalSection(MonoDevelopProperties) = preSolution
		StartupItem = Assembly-CSharp.csproj
	EndGlobalSection
EndGlobal
